
Microsoft Visual Studio Solution File, Format Version 12.00
# Visual Studio 2012
Project("{8BC9CEB8-8B4A-11D0-8D11-00A0C91BC942}") = "StringCalculator", "StringCalculator\StringCalculator.vcxproj", "{9B9F8616-6AD1-4061-933D-22DD13F114B9}"
EndProject
Project("{8BC9CEB8-8B4A-11D0-8D11-00A0C91BC942}") = "StringCalculatorSpecs", "StringCalculatorSpecs\StringCalculatorSpecs.vcxproj", "{C85AA1B9-02F6-4735-8F74-BC5DE9EACA99}"
EndProject
Global
	GlobalSection(SolutionConfigurationPlatforms) = preSolution
		Debug|Win32 = Debug|Win32
		Release|Win32 = Release|Win32
	EndGlobalSection
	GlobalSection(ProjectConfigurationPlatforms) = postSolution
		{9B9F8616-6AD1-4061-933D-22DD13F114B9}.Debug|Win32.ActiveCfg = Debug|Win32
		{9B9F8616-6AD1-4061-933D-22DD13F114B9}.Debug|Win32.Build.0 = Debug|Win32
		{9B9F8616-6AD1-4061-933D-22DD13F114B9}.Release|Win32.ActiveCfg = Release|Win32
		{9B9F8616-6AD1-4061-933D-22DD13F114B9}.Release|Win32.Build.0 = Release|Win32
		{C85AA1B9-02F6-4735-8F74-BC5DE9EACA99}.Debug|Win32.ActiveCfg = Debug|Win32
		{C85AA1B9-02F6-4735-8F74-BC5DE9EACA99}.Debug|Win32.Build.0 = Debug|Win32
		{C85AA1B9-02F6-4735-8F74-BC5DE9EACA99}.Release|Win32.ActiveCfg = Release|Win32
		{C85AA1B9-02F6-4735-8F74-BC5DE9EACA99}.Release|Win32.Build.0 = Release|Win32
	EndGlobalSection
	GlobalSection(SolutionProperties) = preSolution
		HideSolutionNode = FALSE
	EndGlobalSection
EndGlobal
